// !$*UTF8*$!
{
	archiveVersion = 1;
	classes = {
	};
	objectVersion = 46;
	objects = {

/* Begin PBXBuildFile section */
		3907C8631D64E7F700AF473A /* WebKit.framework in Frameworks */ = {isa = PBXBuildFile; fileRef = 3907C8621D64E7F700AF473A /* WebKit.framework */; };
		3907C8661D64ED5F00AF473A /* WebViewController.m in Sources */ = {isa = PBXBuildFile; fileRef = 3907C8651D64ED5F00AF473A /* WebViewController.m */; };
		392C8EC51D6CCC8E002B4241 /* ImageCell.m in Sources */ = {isa = PBXBuildFile; fileRef = 392C8EC41D6CCC8E002B4241 /* ImageCell.m */; };
		3941C8811D81C57500557B02 /* MessageUI.framework in Frameworks */ = {isa = PBXBuildFile; fileRef = 3941C8801D81C57500557B02 /* MessageUI.framework */; };
		3955EFCD1D63910300B47396 /* main.m in Sources */ = {isa = PBXBuildFile; fileRef = 3955EFCC1D63910300B47396 /* main.m */; };
		3955EFD01D63910300B47396 /* AppDelegate.m in Sources */ = {isa = PBXBuildFile; fileRef = 3955EFCF1D63910300B47396 /* AppDelegate.m */; };
		3955EFD91D63910300B47396 /* Main.storyboard in Resources */ = {isa = PBXBuildFile; fileRef = 3955EFD71D63910300B47396 /* Main.storyboard */; };
		3955EFDB1D63910300B47396 /* Assets.xcassets in Resources */ = {isa = PBXBuildFile; fileRef = 3955EFDA1D63910300B47396 /* Assets.xcassets */; };
		3955EFDE1D63910300B47396 /* LaunchScreen.storyboard in Resources */ = {isa = PBXBuildFile; fileRef = 3955EFDC1D63910300B47396 /* LaunchScreen.storyboard */; };
		3955EFE71D6392B700B47396 /* Menu.m in Sources */ = {isa = PBXBuildFile; fileRef = 3955EFE61D6392B700B47396 /* Menu.m */; };
		3955EFEA1D6392EC00B47396 /* Contact.m in Sources */ = {isa = PBXBuildFile; fileRef = 3955EFE91D6392EC00B47396 /* Contact.m */; };
		3955EFED1D63931F00B47396 /* Gallery.m in Sources */ = {isa = PBXBuildFile; fileRef = 3955EFEC1D63931F00B47396 /* Gallery.m */; };
		3955EFF01D63937200B47396 /* Loyalty.m in Sources */ = {isa = PBXBuildFile; fileRef = 3955EFEF1D63937200B47396 /* Loyalty.m */; };
		396D0D971D7F5957002DA9AD /* Private.m in Sources */ = {isa = PBXBuildFile; fileRef = 396D0D961D7F5957002DA9AD /* Private.m */; };
		3994B6671D88542500EDBAE5 /* lfLofoPng.png in Resources */ = {isa = PBXBuildFile; fileRef = 3994B6661D88542500EDBAE5 /* lfLofoPng.png */; };
		3994B6691D8854A800EDBAE5 /* lfBackround1.png in Resources */ = {isa = PBXBuildFile; fileRef = 3994B6681D8854A800EDBAE5 /* lfBackround1.png */; };
		3994B66B1D8854AF00EDBAE5 /* lfBackround2.png in Resources */ = {isa = PBXBuildFile; fileRef = 3994B66A1D8854AF00EDBAE5 /* lfBackround2.png */; };
		3994B66D1D8854B600EDBAE5 /* lfBackround3.png in Resources */ = {isa = PBXBuildFile; fileRef = 3994B66C1D8854B600EDBAE5 /* lfBackround3.png */; };
		3994B6711D885EB900EDBAE5 /* lfBackround7.jpg in Resources */ = {isa = PBXBuildFile; fileRef = 3994B6701D885EB900EDBAE5 /* lfBackround7.jpg */; };
		3994B6731D885ED500EDBAE5 /* lfBackround5.jpg in Resources */ = {isa = PBXBuildFile; fileRef = 3994B6721D885ED500EDBAE5 /* lfBackround5.jpg */; };
		3994B6751D885EDF00EDBAE5 /* lfBackround6.jpg in Resources */ = {isa = PBXBuildFile; fileRef = 3994B6741D885EDF00EDBAE5 /* lfBackround6.jpg */; };
		3994B6771D885F9000EDBAE5 /* lfBackround5.2.jpg in Resources */ = {isa = PBXBuildFile; fileRef = 3994B6761D885F9000EDBAE5 /* lfBackround5.2.jpg */; };
		3994B6791D8863F400EDBAE5 /* lfBackround4.2.jpg in Resources */ = {isa = PBXBuildFile; fileRef = 3994B6781D8863F400EDBAE5 /* lfBackround4.2.jpg */; };
		3994B67B1D88672F00EDBAE5 /* lfBackround2.2.2.png in Resources */ = {isa = PBXBuildFile; fileRef = 3994B67A1D88672F00EDBAE5 /* lfBackround2.2.2.png */; };
		3994B67D1D88708300EDBAE5 /* locationIcon.png in Resources */ = {isa = PBXBuildFile; fileRef = 3994B67C1D88708300EDBAE5 /* locationIcon.png */; };
		3994B67F1D8870B500EDBAE5 /* phoneIcon2.png in Resources */ = {isa = PBXBuildFile; fileRef = 3994B67E1D8870B500EDBAE5 /* phoneIcon2.png */; };
/* End PBXBuildFile section */

/* Begin PBXFileReference section */
		3907C8621D64E7F700AF473A /* WebKit.framework */ = {isa = PBXFileReference; lastKnownFileType = wrapper.framework; name = WebKit.framework; path = System/Library/Frameworks/WebKit.framework; sourceTree = SDKROOT; };
		3907C8641D64ED5F00AF473A /* WebViewController.h */ = {isa = PBXFileReference; fileEncoding = 4; lastKnownFileType = sourcecode.c.h; path = WebViewController.h; sourceTree = "<group>"; };
		3907C8651D64ED5F00AF473A /* WebViewController.m */ = {isa = PBXFileReference; fileEncoding = 4; lastKnownFileType = sourcecode.c.objc; path = WebViewController.m; sourceTree = "<group>"; };
		392C8EC31D6CCC8E002B4241 /* ImageCell.h */ = {isa = PBXFileReference; fileEncoding = 4; lastKnownFileType = sourcecode.c.h; path = ImageCell.h; sourceTree = "<group>"; };
		392C8EC41D6CCC8E002B4241 /* ImageCell.m */ = {isa = PBXFileReference; fileEncoding = 4; lastKnownFileType = sourcecode.c.objc; path = ImageCell.m; sourceTree = "<group>"; };
		3941C8801D81C57500557B02 /* MessageUI.framework */ = {isa = PBXFileReference; lastKnownFileType = wrapper.framework; name = MessageUI.framework; path = System/Library/Frameworks/MessageUI.framework; sourceTree = SDKROOT; };
		3955EFC81D63910300B47396 /* LaFruteraGardenBar.app */ = {isa = PBXFileReference; explicitFileType = wrapper.application; includeInIndex = 0; path = LaFruteraGardenBar.app; sourceTree = BUILT_PRODUCTS_DIR; };
		3955EFCC1D63910300B47396 /* main.m */ = {isa = PBXFileReference; lastKnownFileType = sourcecode.c.objc; path = main.m; sourceTree = "<group>"; };
		3955EFCE1D63910300B47396 /* AppDelegate.h */ = {isa = PBXFileReference; lastKnownFileType = sourcecode.c.h; path = AppDelegate.h; sourceTree = "<group>"; };
		3955EFCF1D63910300B47396 /* AppDelegate.m */ = {isa = PBXFileReference; lastKnownFileType = sourcecode.c.objc; path = AppDelegate.m; sourceTree = "<group>"; };
		3955EFD81D63910300B47396 /* Base */ = {isa = PBXFileReference; lastKnownFileType = file.storyboard; name = Base; path = Base.lproj/Main.storyboard; sourceTree = "<group>"; };
		3955EFDA1D63910300B47396 /* Assets.xcassets */ = {isa = PBXFileReference; lastKnownFileType = folder.assetcatalog; path = Assets.xcassets; sourceTree = "<group>"; };
		3955EFDD1D63910300B47396 /* Base */ = {isa = PBXFileReference; lastKnownFileType = file.storyboard; name = Base; path = Base.lproj/LaunchScreen.storyboard; sourceTree = "<group>"; };
		3955EFDF1D63910300B47396 /* Info.plist */ = {isa = PBXFileReference; lastKnownFileType = text.plist.xml; path = Info.plist; sourceTree = "<group>"; };
		3955EFE51D6392B700B47396 /* Menu.h */ = {isa = PBXFileReference; fileEncoding = 4; lastKnownFileType = sourcecode.c.h; path = Menu.h; sourceTree = "<group>"; };
		3955EFE61D6392B700B47396 /* Menu.m */ = {isa = PBXFileReference; fileEncoding = 4; lastKnownFileType = sourcecode.c.objc; path = Menu.m; sourceTree = "<group>"; };
		3955EFE81D6392EC00B47396 /* Contact.h */ = {isa = PBXFileReference; fileEncoding = 4; lastKnownFileType = sourcecode.c.h; path = Contact.h; sourceTree = "<group>"; };
		3955EFE91D6392EC00B47396 /* Contact.m */ = {isa = PBXFileReference; fileEncoding = 4; lastKnownFileType = sourcecode.c.objc; path = Contact.m; sourceTree = "<group>"; };
		3955EFEB1D63931F00B47396 /* Gallery.h */ = {isa = PBXFileReference; fileEncoding = 4; lastKnownFileType = sourcecode.c.h; path = Gallery.h; sourceTree = "<group>"; };
		3955EFEC1D63931F00B47396 /* Gallery.m */ = {isa = PBXFileReference; fileEncoding = 4; lastKnownFileType = sourcecode.c.objc; path = Gallery.m; sourceTree = "<group>"; };
		3955EFEE1D63937200B47396 /* Loyalty.h */ = {isa = PBXFileReference; fileEncoding = 4; lastKnownFileType = sourcecode.c.h; path = Loyalty.h; sourceTree = "<group>"; };
		3955EFEF1D63937200B47396 /* Loyalty.m */ = {isa = PBXFileReference; fileEncoding = 4; lastKnownFileType = sourcecode.c.objc; path = Loyalty.m; sourceTree = "<group>"; };
		396D0D951D7F5957002DA9AD /* Private.h */ = {isa = PBXFileReference; fileEncoding = 4; lastKnownFileType = sourcecode.c.h; path = Private.h; sourceTree = "<group>"; };
		396D0D961D7F5957002DA9AD /* Private.m */ = {isa = PBXFileReference; fileEncoding = 4; lastKnownFileType = sourcecode.c.objc; path = Private.m; sourceTree = "<group>"; };
		3994B6661D88542500EDBAE5 /* lfLofoPng.png */ = {isa = PBXFileReference; lastKnownFileType = image.png; path = lfLofoPng.png; sourceTree = "<group>"; };
		3994B6681D8854A800EDBAE5 /* lfBackround1.png */ = {isa = PBXFileReference; lastKnownFileType = image.png; path = lfBackround1.png; sourceTree = "<group>"; };
		3994B66A1D8854AF00EDBAE5 /* lfBackround2.png */ = {isa = PBXFileReference; lastKnownFileType = image.png; path = lfBackround2.png; sourceTree = "<group>"; };
		3994B66C1D8854B600EDBAE5 /* lfBackround3.png */ = {isa = PBXFileReference; lastKnownFileType = image.png; path = lfBackround3.png; sourceTree = "<group>"; };
		3994B6701D885EB900EDBAE5 /* lfBackround7.jpg */ = {isa = PBXFileReference; lastKnownFileType = image.jpeg; path = lfBackround7.jpg; sourceTree = "<group>"; };
		3994B6721D885ED500EDBAE5 /* lfBackround5.jpg */ = {isa = PBXFileReference; lastKnownFileType = image.jpeg; path = lfBackround5.jpg; sourceTree = "<group>"; };
		3994B6741D885EDF00EDBAE5 /* lfBackround6.jpg */ = {isa = PBXFileReference; lastKnownFileType = image.jpeg; path = lfBackround6.jpg; sourceTree = "<group>"; };
		3994B6761D885F9000EDBAE5 /* lfBackround5.2.jpg */ = {isa = PBXFileReference; lastKnownFileType = image.jpeg; path = lfBackround5.2.jpg; sourceTree = "<group>"; };
		3994B6781D8863F400EDBAE5 /* lfBackround4.2.jpg */ = {isa = PBXFileReference; lastKnownFileType = image.jpeg; path = lfBackround4.2.jpg; sourceTree = "<group>"; };
		3994B67A1D88672F00EDBAE5 /* lfBackround2.2.2.png */ = {isa = PBXFileReference; lastKnownFileType = image.png; path = lfBackround2.2.2.png; sourceTree = "<group>"; };
		3994B67C1D88708300EDBAE5 /* locationIcon.png */ = {isa = PBXFileReference; lastKnownFileType = image.png; path = locationIcon.png; sourceTree = "<group>"; };
		3994B67E1D8870B500EDBAE5 /* phoneIcon2.png */ = {isa = PBXFileReference; lastKnownFileType = image.png; path = phoneIcon2.png; sourceTree = "<group>"; };
/* End PBXFileReference section */

/* Begin PBXFrameworksBuildPhase section */
		3955EFC51D63910300B47396 /* Frameworks */ = {
			isa = PBXFrameworksBuildPhase;
			buildActionMask = 2147483647;
			files = (
				3941C8811D81C57500557B02 /* MessageUI.framework in Frameworks */,
				3907C8631D64E7F700AF473A /* WebKit.framework in Frameworks */,
			);
			runOnlyForDeploymentPostprocessing = 0;
		};
/* End PBXFrameworksBuildPhase section */

/* Begin PBXGroup section */
		3955EFBF1D63910300B47396 = {
			isa = PBXGroup;
			children = (
				3941C8801D81C57500557B02 /* MessageUI.framework */,
				3907C8621D64E7F700AF473A /* WebKit.framework */,
				3955EFCA1D63910300B47396 /* LaFruteraGardenBar */,
				3955EFC91D63910300B47396 /* Products */,
			);
			sourceTree = "<group>";
		};
		3955EFC91D63910300B47396 /* Products */ = {
			isa = PBXGroup;
			children = (
				3955EFC81D63910300B47396 /* LaFruteraGardenBar.app */,
			);
			name = Products;
			sourceTree = "<group>";
		};
		3955EFCA1D63910300B47396 /* LaFruteraGardenBar */ = {
			isa = PBXGroup;
			children = (
				3955EFCE1D63910300B47396 /* AppDelegate.h */,
				3955EFCF1D63910300B47396 /* AppDelegate.m */,
				3955EFE81D6392EC00B47396 /* Contact.h */,
				3955EFE91D6392EC00B47396 /* Contact.m */,
				396D0D951D7F5957002DA9AD /* Private.h */,
				396D0D961D7F5957002DA9AD /* Private.m */,
				3955EFE51D6392B700B47396 /* Menu.h */,
				3955EFE61D6392B700B47396 /* Menu.m */,
				3955EFEB1D63931F00B47396 /* Gallery.h */,
				3955EFEC1D63931F00B47396 /* Gallery.m */,
				3955EFEE1D63937200B47396 /* Loyalty.h */,
				3955EFEF1D63937200B47396 /* Loyalty.m */,
				3907C8641D64ED5F00AF473A /* WebViewController.h */,
				3907C8651D64ED5F00AF473A /* WebViewController.m */,
				392C8EC31D6CCC8E002B4241 /* ImageCell.h */,
				392C8EC41D6CCC8E002B4241 /* ImageCell.m */,
				3955EFD71D63910300B47396 /* Main.storyboard */,
				3955EFDA1D63910300B47396 /* Assets.xcassets */,
				3955EFDC1D63910300B47396 /* LaunchScreen.storyboard */,
				3955EFDF1D63910300B47396 /* Info.plist */,
				3955EFCB1D63910300B47396 /* Supporting Files */,
			);
			path = LaFruteraGardenBar;
			sourceTree = "<group>";
		};
		3955EFCB1D63910300B47396 /* Supporting Files */ = {
			isa = PBXGroup;
			children = (
				3994B66C1D8854B600EDBAE5 /* lfBackround3.png */,
				3994B67C1D88708300EDBAE5 /* locationIcon.png */,
				3994B6741D885EDF00EDBAE5 /* lfBackround6.jpg */,
				3994B67E1D8870B500EDBAE5 /* phoneIcon2.png */,
				3994B6681D8854A800EDBAE5 /* lfBackround1.png */,
				3994B67A1D88672F00EDBAE5 /* lfBackround2.2.2.png */,
				3994B6781D8863F400EDBAE5 /* lfBackround4.2.jpg */,
				3994B6721D885ED500EDBAE5 /* lfBackround5.jpg */,
				3994B6761D885F9000EDBAE5 /* lfBackround5.2.jpg */,
				3994B6701D885EB900EDBAE5 /* lfBackround7.jpg */,
				3994B66A1D8854AF00EDBAE5 /* lfBackround2.png */,
				3994B6661D88542500EDBAE5 /* lfLofoPng.png */,
				3955EFCC1D63910300B47396 /* main.m */,
			);
			name = "Supporting Files";
			sourceTree = "<group>";
		};
/* End PBXGroup section */

/* Begin PBXNativeTarget section */
		3955EFC71D63910300B47396 /* LaFruteraGardenBar */ = {
			isa = PBXNativeTarget;
			buildConfigurationList = 3955EFE21D63910300B47396 /* Build configuration list for PBXNativeTarget "LaFruteraGardenBar" */;
			buildPhases = (
				3955EFC41D63910300B47396 /* Sources */,
				3955EFC51D63910300B47396 /* Frameworks */,
				3955EFC61D63910300B47396 /* Resources */,
			);
			buildRules = (
			);
			dependencies = (
			);
			name = LaFruteraGardenBar;
			productName = LaFruteraGardenBar;
			productReference = 3955EFC81D63910300B47396 /* LaFruteraGardenBar.app */;
			productType = "com.apple.product-type.application";
		};
/* End PBXNativeTarget section */

/* Begin PBXProject section */
		3955EFC01D63910300B47396 /* Project object */ = {
			isa = PBXProject;
			attributes = {
				LastUpgradeCheck = 0730;
				ORGANIZATIONNAME = "amir sankar";
				TargetAttributes = {
					3955EFC71D63910300B47396 = {
						CreatedOnToolsVersion = 7.3.1;
						DevelopmentTeam = TR82QUNFL3;
					};
				};
			};
			buildConfigurationList = 3955EFC31D63910300B47396 /* Build configuration list for PBXProject "LaFruteraGardenBar" */;
			compatibilityVersion = "Xcode 3.2";
			developmentRegion = English;
			hasScannedForEncodings = 0;
			knownRegions = (
				en,
				Base,
			);
			mainGroup = 3955EFBF1D63910300B47396;
			productRefGroup = 3955EFC91D63910300B47396 /* Products */;
			projectDirPath = "";
			projectRoot = "";
			targets = (
				3955EFC71D63910300B47396 /* LaFruteraGardenBar */,
			);
		};
/* End PBXProject section */

/* Begin PBXResourcesBuildPhase section */
		3955EFC61D63910300B47396 /* Resources */ = {
			isa = PBXResourcesBuildPhase;
			buildActionMask = 2147483647;
			files = (
				3994B66D1D8854B600EDBAE5 /* lfBackround3.png in Resources */,
				3994B6771D885F9000EDBAE5 /* lfBackround5.2.jpg in Resources */,
				3994B67F1D8870B500EDBAE5 /* phoneIcon2.png in Resources */,
				3994B6751D885EDF00EDBAE5 /* lfBackround6.jpg in Resources */,
				3994B67D1D88708300EDBAE5 /* locationIcon.png in Resources */,
				3994B67B1D88672F00EDBAE5 /* lfBackround2.2.2.png in Resources */,
				3994B66B1D8854AF00EDBAE5 /* lfBackround2.png in Resources */,
				3955EFDE1D63910300B47396 /* LaunchScreen.storyboard in Resources */,
				3994B6731D885ED500EDBAE5 /* lfBackround5.jpg in Resources */,
				3955EFDB1D63910300B47396 /* Assets.xcassets in Resources */,
				3955EFD91D63910300B47396 /* Main.storyboard in Resources */,
				3994B6691D8854A800EDBAE5 /* lfBackround1.png in Resources */,
				3994B6671D88542500EDBAE5 /* lfLofoPng.png in Resources */,
				3994B6711D885EB900EDBAE5 /* lfBackround7.jpg in Resources */,
				3994B6791D8863F400EDBAE5 /* lfBackround4.2.jpg in Resources */,
			);
			runOnlyForDeploymentPostprocessing = 0;
		};
/* End PBXResourcesBuildPhase section */

/* Begin PBXSourcesBuildPhase section */
		3955EFC41D63910300B47396 /* Sources */ = {
			isa = PBXSourcesBuildPhase;
			buildActionMask = 2147483647;
			files = (
				3955EFED1D63931F00B47396 /* Gallery.m in Sources */,
				392C8EC51D6CCC8E002B4241 /* ImageCell.m in Sources */,
				3955EFE71D6392B700B47396 /* Menu.m in Sources */,
				396D0D971D7F5957002DA9AD /* Private.m in Sources */,
				3907C8661D64ED5F00AF473A /* WebViewController.m in Sources */,
				3955EFF01D63937200B47396 /* Loyalty.m in Sources */,
				3955EFD01D63910300B47396 /* AppDelegate.m in Sources */,
				3955EFEA1D6392EC00B47396 /* Contact.m in Sources */,
				3955EFCD1D63910300B47396 /* main.m in Sources */,
			);
			runOnlyForDeploymentPostprocessing = 0;
		};
/* End PBXSourcesBuildPhase section */

/* Begin PBXVariantGroup section */
		3955EFD71D63910300B47396 /* Main.storyboard */ = {
			isa = PBXVariantGroup;
			children = (
				3955EFD81D63910300B47396 /* Base */,
			);
			name = Main.storyboard;
			sourceTree = "<group>";
		};
		3955EFDC1D63910300B47396 /* LaunchScreen.storyboard */ = {
			isa = PBXVariantGroup;
			children = (
				3955EFDD1D63910300B47396 /* Base */,
			);
			name = LaunchScreen.storyboard;
			sourceTree = "<group>";
		};
/* End PBXVariantGroup section */

/* Begin XCBuildConfiguration section */
		3955EFE01D63910300B47396 /* Debug */ = {
			isa = XCBuildConfiguration;
			buildSettings = {
				ALWAYS_SEARCH_USER_PATHS = NO;
				CLANG_ANALYZER_NONNULL = YES;
				CLANG_CXX_LANGUAGE_STANDARD = "gnu++0x";
				CLANG_CXX_LIBRARY = "libc++";
				CLANG_ENABLE_MODULES = YES;
				CLANG_ENABLE_OBJC_ARC = YES;
				CLANG_WARN_BOOL_CONVERSION = YES;
				CLANG_WARN_CONSTANT_CONVERSION = YES;
				CLANG_WARN_DIRECT_OBJC_ISA_USAGE = YES_ERROR;
				CLANG_WARN_EMPTY_BODY = YES;
				CLANG_WARN_ENUM_CONVERSION = YES;
				CLANG_WARN_INT_CONVERSION = YES;
				CLANG_WARN_OBJC_ROOT_CLASS = YES_ERROR;
				CLANG_WARN_UNREACHABLE_CODE = YES;
				CLANG_WARN__DUPLICATE_METHOD_MATCH = YES;
				"CODE_SIGN_IDENTITY[sdk=iphoneos*]" = "iPhone Developer";
				COPY_PHASE_STRIP = NO;
				DEBUG_INFORMATION_FORMAT = dwarf;
				ENABLE_STRICT_OBJC_MSGSEND = YES;
				ENABLE_TESTABILITY = YES;
				GCC_C_LANGUAGE_STANDARD = gnu99;
				GCC_DYNAMIC_NO_PIC = NO;
				GCC_NO_COMMON_BLOCKS = YES;
				GCC_OPTIMIZATION_LEVEL = 0;
				GCC_PREPROCESSOR_DEFINITIONS = (
					"DEBUG=1",
					"$(inherited)",
				);
				GCC_WARN_64_TO_32_BIT_CONVERSION = YES;
				GCC_WARN_ABOUT_RETURN_TYPE = YES_ERROR;
				GCC_WARN_UNDECLARED_SELECTOR = YES;
				GCC_WARN_UNINITIALIZED_AUTOS = YES_AGGRESSIVE;
				GCC_WARN_UNUSED_FUNCTION = YES;
				GCC_WARN_UNUSED_VARIABLE = YES;
				IPHONEOS_DEPLOYMENT_TARGET = 9.3;
				MTL_ENABLE_DEBUG_INFO = YES;
				ONLY_ACTIVE_ARCH = YES;
				SDKROOT = iphoneos;
				TARGETED_DEVICE_FAMILY = "1,2";
			};
			name = Debug;
		};
		3955EFE11D63910300B47396 /* Release */ = {
			isa = XCBuildConfiguration;
			buildSettings = {
				ALWAYS_SEARCH_USER_PATHS = NO;
				CLANG_ANALYZER_NONNULL = YES;
				CLANG_CXX_LANGUAGE_STANDARD = "gnu++0x";
				CLANG_CXX_LIBRARY = "libc++";
				CLANG_ENABLE_MODULES = YES;
				CLANG_ENABLE_OBJC_ARC = YES;
				CLANG_WARN_BOOL_CONVERSION = YES;
				CLANG_WARN_CONSTANT_CONVERSION = YES;
				CLANG_WARN_DIRECT_OBJC_ISA_USAGE = YES_ERROR;
				CLANG_WARN_EMPTY_BODY = YES;
				CLANG_WARN_ENUM_CONVERSION = YES;
				CLANG_WARN_INT_CONVERSION = YES;
				CLANG_WARN_OBJC_ROOT_CLASS = YES_ERROR;
				CLANG_WARN_UNREACHABLE_CODE = YES;
				CLANG_WARN__DUPLICATE_METHOD_MATCH = YES;
				"CODE_SIGN_IDENTITY[sdk=iphoneos*]" = "iPhone Developer";
				COPY_PHASE_STRIP = NO;
				DEBUG_INFORMATION_FORMAT = "dwarf-with-dsym";
				ENABLE_NS_ASSERTIONS = NO;
				ENABLE_STRICT_OBJC_MSGSEND = YES;
				GCC_C_LANGUAGE_STANDARD = gnu99;
				GCC_NO_COMMON_BLOCKS = YES;
				GCC_WARN_64_TO_32_BIT_CONVERSION = YES;
				GCC_WARN_ABOUT_RETURN_TYPE = YES_ERROR;
				GCC_WARN_UNDECLARED_SELECTOR = YES;
				GCC_WARN_UNINITIALIZED_AUTOS = YES_AGGRESSIVE;
				GCC_WARN_UNUSED_FUNCTION = YES;
				GCC_WARN_UNUSED_VARIABLE = YES;
				IPHONEOS_DEPLOYMENT_TARGET = 9.3;
				MTL_ENABLE_DEBUG_INFO = NO;
				SDKROOT = iphoneos;
				TARGETED_DEVICE_FAMILY = "1,2";
				VALIDATE_PRODUCT = YES;
			};
			name = Release;
		};
		3955EFE31D63910300B47396 /* Debug */ = {
			isa = XCBuildConfiguration;
			buildSettings = {
				ASSETCATALOG_COMPILER_APPICON_NAME = AppIcon;
				INFOPLIST_FILE = LaFruteraGardenBar/Info.plist;
				LD_RUNPATH_SEARCH_PATHS = "$(inherited) @executable_path/Frameworks";
				PRODUCT_BUNDLE_IDENTIFIER = com.amirsankar.LaFruteraGardenBar;
				PRODUCT_NAME = "$(TARGET_NAME)";
			};
			name = Debug;
		};
		3955EFE41D63910300B47396 /* Release */ = {
			isa = XCBuildConfiguration;
			buildSettings = {
				ASSETCATALOG_COMPILER_APPICON_NAME = AppIcon;
				INFOPLIST_FILE = LaFruteraGardenBar/Info.plist;
				LD_RUNPATH_SEARCH_PATHS = "$(inherited) @executable_path/Frameworks";
				PRODUCT_BUNDLE_IDENTIFIER = com.amirsankar.LaFruteraGardenBar;
				PRODUCT_NAME = "$(TARGET_NAME)";
			};
			name = Release;
		};
/* End XCBuildConfiguration section */

/* Begin XCConfigurationList section */
		3955EFC31D63910300B47396 /* Build configuration list for PBXProject "LaFruteraGardenBar" */ = {
			isa = XCConfigurationList;
			buildConfigurations = (
				3955EFE01D63910300B47396 /* Debug */,
				3955EFE11D63910300B47396 /* Release */,
			);
			defaultConfigurationIsVisible = 0;
			defaultConfigurationName = Release;
		};
		3955EFE21D63910300B47396 /* Build configuration list for PBXNativeTarget "LaFruteraGardenBar" */ = {
			isa = XCConfigurationList;
			buildConfigurations = (
				3955EFE31D63910300B47396 /* Debug */,
				3955EFE41D63910300B47396 /* Release */,
			);
			defaultConfigurationIsVisible = 0;
			defaultConfigurationName = Release;
		};
/* End XCConfigurationList section */
	};
	rootObject = 3955EFC01D63910300B47396 /* Project object */;
}
